// !$*UTF8*$!
{
	archiveVersion = 1;
	classes = {
	};
	objectVersion = 50;
	objects = {

/* Begin PBXBuildFile section */
		55033AF321CEA9B50022D2B7 /* DependencyInjectable.swift in Sources */ = {isa = PBXBuildFile; fileRef = 55033AF221CEA9B50022D2B7 /* DependencyInjectable.swift */; };
		55033AF721CEA9C40022D2B7 /* StartViewController.swift in Sources */ = {isa = PBXBuildFile; fileRef = 55033AF521CEA9C40022D2B7 /* StartViewController.swift */; };
		55033AF821CEA9C40022D2B7 /* Start.storyboard in Resources */ = {isa = PBXBuildFile; fileRef = 55033AF621CEA9C40022D2B7 /* Start.storyboard */; };
		552952AD21BC038300430C9A /* AppDelegate.swift in Sources */ = {isa = PBXBuildFile; fileRef = 552952AC21BC038300430C9A /* AppDelegate.swift */; };
		552952AF21BC038300430C9A /* ChatScreenViewController.swift in Sources */ = {isa = PBXBuildFile; fileRef = 552952AE21BC038300430C9A /* ChatScreenViewController.swift */; };
		552952B221BC038300430C9A /* ChatScreen.storyboard in Resources */ = {isa = PBXBuildFile; fileRef = 552952B021BC038300430C9A /* ChatScreen.storyboard */; };
		552952B421BC038500430C9A /* Assets.xcassets in Resources */ = {isa = PBXBuildFile; fileRef = 552952B321BC038500430C9A /* Assets.xcassets */; };
		552952C221BC038500430C9A /* ChatScreenUI_iOSTests.swift in Sources */ = {isa = PBXBuildFile; fileRef = 552952C121BC038500430C9A /* ChatScreenUI_iOSTests.swift */; };
		552952CD21BC038500430C9A /* ChatScreenUI_iOSUITests.swift in Sources */ = {isa = PBXBuildFile; fileRef = 552952CC21BC038500430C9A /* ChatScreenUI_iOSUITests.swift */; };
		559DDAB521C6A66300045FD3 /* ChatScreenViewModel.swift in Sources */ = {isa = PBXBuildFile; fileRef = 559DDAB421C6A66300045FD3 /* ChatScreenViewModel.swift */; };
		559DDAB821C7FA0100045FD3 /* Message.swift in Sources */ = {isa = PBXBuildFile; fileRef = 559DDAB721C7FA0100045FD3 /* Message.swift */; };
		559DDABA21C7FD4100045FD3 /* User.swift in Sources */ = {isa = PBXBuildFile; fileRef = 559DDAB921C7FD4100045FD3 /* User.swift */; };
		55BC68AE21BCC6CE005AF31E /* RxSwift.framework in Frameworks */ = {isa = PBXBuildFile; fileRef = 55BC68AD21BCC6CE005AF31E /* RxSwift.framework */; };
		55BC68B021BCC6DD005AF31E /* RxCocoa.framework in Frameworks */ = {isa = PBXBuildFile; fileRef = 55BC68AF21BCC6DD005AF31E /* RxCocoa.framework */; };
		55BC68B521BD14BC005AF31E /* InputMessageView.xib in Resources */ = {isa = PBXBuildFile; fileRef = 55BC68B421BD14BC005AF31E /* InputMessageView.xib */; };
		55BC68B721BD14DC005AF31E /* InputMessageView.swift in Sources */ = {isa = PBXBuildFile; fileRef = 55BC68B621BD14DC005AF31E /* InputMessageView.swift */; };
		55D775DB21C4A24800B258C6 /* InputMessageViewModel.swift in Sources */ = {isa = PBXBuildFile; fileRef = 55D775DA21C4A24800B258C6 /* InputMessageViewModel.swift */; };
		55FEC88221CA924100ED70E9 /* TextMessageCell.xib in Resources */ = {isa = PBXBuildFile; fileRef = 55FEC88121CA924100ED70E9 /* TextMessageCell.xib */; };
		55FEC88421CA929500ED70E9 /* TextMessageCell.swift in Sources */ = {isa = PBXBuildFile; fileRef = 55FEC88321CA929500ED70E9 /* TextMessageCell.swift */; };
		DBC831DB21C88F180059B8D4 /* UserIcon.swift in Sources */ = {isa = PBXBuildFile; fileRef = DBC831DA21C88F180059B8D4 /* UserIcon.swift */; };
		DBC831E121C8CF280059B8D4 /* MessageTableViewModel.swift in Sources */ = {isa = PBXBuildFile; fileRef = DBC831E021C8CF280059B8D4 /* MessageTableViewModel.swift */; };
/* End PBXBuildFile section */

/* Begin PBXContainerItemProxy section */
		552952BE21BC038500430C9A /* PBXContainerItemProxy */ = {
			isa = PBXContainerItemProxy;
			containerPortal = 552952A121BC038300430C9A /* Project object */;
			proxyType = 1;
			remoteGlobalIDString = 552952A821BC038300430C9A;
			remoteInfo = "ChatScreenUI-iOS";
		};
		552952C921BC038500430C9A /* PBXContainerItemProxy */ = {
			isa = PBXContainerItemProxy;
			containerPortal = 552952A121BC038300430C9A /* Project object */;
			proxyType = 1;
			remoteGlobalIDString = 552952A821BC038300430C9A;
			remoteInfo = "ChatScreenUI-iOS";
		};
/* End PBXContainerItemProxy section */

/* Begin PBXFileReference section */
		55033AF221CEA9B50022D2B7 /* DependencyInjectable.swift */ = {isa = PBXFileReference; fileEncoding = 4; lastKnownFileType = sourcecode.swift; path = DependencyInjectable.swift; sourceTree = "<group>"; };
		55033AF521CEA9C40022D2B7 /* StartViewController.swift */ = {isa = PBXFileReference; fileEncoding = 4; lastKnownFileType = sourcecode.swift; path = StartViewController.swift; sourceTree = "<group>"; };
		55033AF621CEA9C40022D2B7 /* Start.storyboard */ = {isa = PBXFileReference; fileEncoding = 4; lastKnownFileType = file.storyboard; path = Start.storyboard; sourceTree = "<group>"; };
		552952A921BC038300430C9A /* ChatScreenUI-iOS.app */ = {isa = PBXFileReference; explicitFileType = wrapper.application; includeInIndex = 0; path = "ChatScreenUI-iOS.app"; sourceTree = BUILT_PRODUCTS_DIR; };
		552952AC21BC038300430C9A /* AppDelegate.swift */ = {isa = PBXFileReference; lastKnownFileType = sourcecode.swift; path = AppDelegate.swift; sourceTree = "<group>"; };
		552952AE21BC038300430C9A /* ChatScreenViewController.swift */ = {isa = PBXFileReference; lastKnownFileType = sourcecode.swift; path = ChatScreenViewController.swift; sourceTree = "<group>"; };
		552952B121BC038300430C9A /* Base */ = {isa = PBXFileReference; lastKnownFileType = file.storyboard; name = Base; path = Base.lproj/ChatScreen.storyboard; sourceTree = "<group>"; };
		552952B321BC038500430C9A /* Assets.xcassets */ = {isa = PBXFileReference; lastKnownFileType = folder.assetcatalog; path = Assets.xcassets; sourceTree = "<group>"; };
		552952B821BC038500430C9A /* Info.plist */ = {isa = PBXFileReference; lastKnownFileType = text.plist.xml; path = Info.plist; sourceTree = "<group>"; };
		552952BD21BC038500430C9A /* ChatScreenUI-iOSTests.xctest */ = {isa = PBXFileReference; explicitFileType = wrapper.cfbundle; includeInIndex = 0; path = "ChatScreenUI-iOSTests.xctest"; sourceTree = BUILT_PRODUCTS_DIR; };
		552952C121BC038500430C9A /* ChatScreenUI_iOSTests.swift */ = {isa = PBXFileReference; lastKnownFileType = sourcecode.swift; path = ChatScreenUI_iOSTests.swift; sourceTree = "<group>"; };
		552952C321BC038500430C9A /* Info.plist */ = {isa = PBXFileReference; lastKnownFileType = text.plist.xml; path = Info.plist; sourceTree = "<group>"; };
		552952C821BC038500430C9A /* ChatScreenUI-iOSUITests.xctest */ = {isa = PBXFileReference; explicitFileType = wrapper.cfbundle; includeInIndex = 0; path = "ChatScreenUI-iOSUITests.xctest"; sourceTree = BUILT_PRODUCTS_DIR; };
		552952CC21BC038500430C9A /* ChatScreenUI_iOSUITests.swift */ = {isa = PBXFileReference; lastKnownFileType = sourcecode.swift; path = ChatScreenUI_iOSUITests.swift; sourceTree = "<group>"; };
		552952CE21BC038500430C9A /* Info.plist */ = {isa = PBXFileReference; lastKnownFileType = text.plist.xml; path = Info.plist; sourceTree = "<group>"; };
		559DDAB421C6A66300045FD3 /* ChatScreenViewModel.swift */ = {isa = PBXFileReference; fileEncoding = 4; lastKnownFileType = sourcecode.swift; name = ChatScreenViewModel.swift; path = ViewModels/ChatScreenViewModel.swift; sourceTree = "<group>"; };
		559DDAB721C7FA0100045FD3 /* Message.swift */ = {isa = PBXFileReference; lastKnownFileType = sourcecode.swift; path = Message.swift; sourceTree = "<group>"; };
		559DDAB921C7FD4100045FD3 /* User.swift */ = {isa = PBXFileReference; lastKnownFileType = sourcecode.swift; path = User.swift; sourceTree = "<group>"; };
		55BC68AD21BCC6CE005AF31E /* RxSwift.framework */ = {isa = PBXFileReference; lastKnownFileType = wrapper.framework; name = RxSwift.framework; path = Carthage/Build/iOS/RxSwift.framework; sourceTree = "<group>"; };
		55BC68AF21BCC6DD005AF31E /* RxCocoa.framework */ = {isa = PBXFileReference; lastKnownFileType = wrapper.framework; name = RxCocoa.framework; path = Carthage/Build/iOS/RxCocoa.framework; sourceTree = "<group>"; };
		55BC68B421BD14BC005AF31E /* InputMessageView.xib */ = {isa = PBXFileReference; lastKnownFileType = file.xib; path = InputMessageView.xib; sourceTree = "<group>"; };
		55BC68B621BD14DC005AF31E /* InputMessageView.swift */ = {isa = PBXFileReference; lastKnownFileType = sourcecode.swift; path = InputMessageView.swift; sourceTree = "<group>"; };
		55D775DA21C4A24800B258C6 /* InputMessageViewModel.swift */ = {isa = PBXFileReference; lastKnownFileType = sourcecode.swift; name = InputMessageViewModel.swift; path = ViewModels/InputMessageViewModel.swift; sourceTree = "<group>"; };
		55E350AC21BCB42D00C2B153 /* RxSwift.framework */ = {isa = PBXFileReference; lastKnownFileType = wrapper.framework; name = RxSwift.framework; path = ../Carthage/Build/iOS/RxSwift.framework; sourceTree = "<group>"; };
		55E350AF21BCBC0A00C2B153 /* RxCocoa.framework */ = {isa = PBXFileReference; lastKnownFileType = wrapper.framework; name = RxCocoa.framework; path = ../Carthage/Build/iOS/RxCocoa.framework; sourceTree = "<group>"; };
		55FEC88121CA924100ED70E9 /* TextMessageCell.xib */ = {isa = PBXFileReference; lastKnownFileType = file.xib; path = TextMessageCell.xib; sourceTree = "<group>"; };
		55FEC88321CA929500ED70E9 /* TextMessageCell.swift */ = {isa = PBXFileReference; lastKnownFileType = sourcecode.swift; path = TextMessageCell.swift; sourceTree = "<group>"; };
		DBC831DA21C88F180059B8D4 /* UserIcon.swift */ = {isa = PBXFileReference; lastKnownFileType = sourcecode.swift; path = UserIcon.swift; sourceTree = "<group>"; };
		DBC831E021C8CF280059B8D4 /* MessageTableViewModel.swift */ = {isa = PBXFileReference; lastKnownFileType = sourcecode.swift; name = MessageTableViewModel.swift; path = ViewModels/MessageTableViewModel.swift; sourceTree = "<group>"; };
		DBC831E321C8EF530059B8D4 /* RxDataSources.framework */ = {isa = PBXFileReference; lastKnownFileType = wrapper.framework; name = RxDataSources.framework; path = Carthage/Build/iOS/RxDataSources.framework; sourceTree = "<group>"; };
/* End PBXFileReference section */

/* Begin PBXFrameworksBuildPhase section */
		552952A621BC038300430C9A /* Frameworks */ = {
			isa = PBXFrameworksBuildPhase;
			buildActionMask = 2147483647;
			files = (
				55BC68B021BCC6DD005AF31E /* RxCocoa.framework in Frameworks */,
				55BC68AE21BCC6CE005AF31E /* RxSwift.framework in Frameworks */,
			);
			runOnlyForDeploymentPostprocessing = 0;
		};
		552952BA21BC038500430C9A /* Frameworks */ = {
			isa = PBXFrameworksBuildPhase;
			buildActionMask = 2147483647;
			files = (
			);
			runOnlyForDeploymentPostprocessing = 0;
		};
		552952C521BC038500430C9A /* Frameworks */ = {
			isa = PBXFrameworksBuildPhase;
			buildActionMask = 2147483647;
			files = (
			);
			runOnlyForDeploymentPostprocessing = 0;
		};
/* End PBXFrameworksBuildPhase section */

/* Begin PBXGroup section */
		55033AF121CEA9B50022D2B7 /* Protocol */ = {
			isa = PBXGroup;
			children = (
				55033AF221CEA9B50022D2B7 /* DependencyInjectable.swift */,
			);
			path = Protocol;
			sourceTree = "<group>";
		};
		55033AF421CEA9C40022D2B7 /* Start */ = {
			isa = PBXGroup;
			children = (
				55033AF621CEA9C40022D2B7 /* Start.storyboard */,
				55033AF521CEA9C40022D2B7 /* StartViewController.swift */,
			);
			path = Start;
			sourceTree = "<group>";
		};
		552952A021BC038300430C9A = {
			isa = PBXGroup;
			children = (
				552952AB21BC038300430C9A /* ChatScreenUI-iOS */,
				552952C021BC038500430C9A /* ChatScreenUI-iOSTests */,
				552952CB21BC038500430C9A /* ChatScreenUI-iOSUITests */,
				552952AA21BC038300430C9A /* Products */,
				55E350AB21BCB42D00C2B153 /* Frameworks */,
			);
			sourceTree = "<group>";
		};
		552952AA21BC038300430C9A /* Products */ = {
			isa = PBXGroup;
			children = (
				552952A921BC038300430C9A /* ChatScreenUI-iOS.app */,
				552952BD21BC038500430C9A /* ChatScreenUI-iOSTests.xctest */,
				552952C821BC038500430C9A /* ChatScreenUI-iOSUITests.xctest */,
			);
			name = Products;
			sourceTree = "<group>";
		};
		552952AB21BC038300430C9A /* ChatScreenUI-iOS */ = {
			isa = PBXGroup;
			children = (
				552952AC21BC038300430C9A /* AppDelegate.swift */,
				55033AF121CEA9B50022D2B7 /* Protocol */,
				559DDAB621C7F9E200045FD3 /* Models */,
				55D775D921C4A22D00B258C6 /* ViewModels */,
				55BC68B221BD1462005AF31E /* Views */,
				552952B321BC038500430C9A /* Assets.xcassets */,
				552952B821BC038500430C9A /* Info.plist */,
			);
			path = "ChatScreenUI-iOS";
			sourceTree = "<group>";
		};
		552952C021BC038500430C9A /* ChatScreenUI-iOSTests */ = {
			isa = PBXGroup;
			children = (
				552952C121BC038500430C9A /* ChatScreenUI_iOSTests.swift */,
				552952C321BC038500430C9A /* Info.plist */,
			);
			path = "ChatScreenUI-iOSTests";
			sourceTree = "<group>";
		};
		552952CB21BC038500430C9A /* ChatScreenUI-iOSUITests */ = {
			isa = PBXGroup;
			children = (
				552952CC21BC038500430C9A /* ChatScreenUI_iOSUITests.swift */,
				552952CE21BC038500430C9A /* Info.plist */,
			);
			path = "ChatScreenUI-iOSUITests";
			sourceTree = "<group>";
		};
		559DDAB621C7F9E200045FD3 /* Models */ = {
			isa = PBXGroup;
			children = (
				559DDAB721C7FA0100045FD3 /* Message.swift */,
				559DDAB921C7FD4100045FD3 /* User.swift */,
				DBC831DA21C88F180059B8D4 /* UserIcon.swift */,
			);
			path = Models;
			sourceTree = "<group>";
		};
		55BC68B121BD1456005AF31E /* ChatScreen */ = {
			isa = PBXGroup;
			children = (
				552952B021BC038300430C9A /* ChatScreen.storyboard */,
				552952AE21BC038300430C9A /* ChatScreenViewController.swift */,
			);
			path = ChatScreen;
			sourceTree = "<group>";
		};
		55BC68B221BD1462005AF31E /* Views */ = {
			isa = PBXGroup;
			children = (
				55033AF421CEA9C40022D2B7 /* Start */,
				55BC68B121BD1456005AF31E /* ChatScreen */,
				55BC68B321BD1494005AF31E /* InputMessageView */,
				55FEC88021CA917F00ED70E9 /* TextMessageCell */,
			);
			path = Views;
			sourceTree = "<group>";
		};
		55BC68B321BD1494005AF31E /* InputMessageView */ = {
			isa = PBXGroup;
			children = (
				55BC68B421BD14BC005AF31E /* InputMessageView.xib */,
				55BC68B621BD14DC005AF31E /* InputMessageView.swift */,
			);
			path = InputMessageView;
			sourceTree = "<group>";
		};
		55D775D921C4A22D00B258C6 /* ViewModels */ = {
			isa = PBXGroup;
			children = (
				559DDAB421C6A66300045FD3 /* ChatScreenViewModel.swift */,
				55D775DA21C4A24800B258C6 /* InputMessageViewModel.swift */,
				DBC831E021C8CF280059B8D4 /* MessageTableViewModel.swift */,
			);
			name = ViewModels;
			sourceTree = "<group>";
		};
		55E350AB21BCB42D00C2B153 /* Frameworks */ = {
			isa = PBXGroup;
			children = (
				DBC831E321C8EF530059B8D4 /* RxDataSources.framework */,
				55BC68AF21BCC6DD005AF31E /* RxCocoa.framework */,
				55BC68AD21BCC6CE005AF31E /* RxSwift.framework */,
				55E350AF21BCBC0A00C2B153 /* RxCocoa.framework */,
				55E350AC21BCB42D00C2B153 /* RxSwift.framework */,
			);
			name = Frameworks;
			sourceTree = "<group>";
		};
		55FEC88021CA917F00ED70E9 /* TextMessageCell */ = {
			isa = PBXGroup;
			children = (
				55FEC88121CA924100ED70E9 /* TextMessageCell.xib */,
				55FEC88321CA929500ED70E9 /* TextMessageCell.swift */,
			);
			path = TextMessageCell;
			sourceTree = "<group>";
		};
/* End PBXGroup section */

/* Begin PBXNativeTarget section */
		552952A821BC038300430C9A /* ChatScreenUI-iOS */ = {
			isa = PBXNativeTarget;
			buildConfigurationList = 552952D121BC038500430C9A /* Build configuration list for PBXNativeTarget "ChatScreenUI-iOS" */;
			buildPhases = (
				552952A521BC038300430C9A /* Sources */,
				552952A621BC038300430C9A /* Frameworks */,
				552952A721BC038300430C9A /* Resources */,
				559DDAB121C698CB00045FD3 /* ShellScript */,
				55E350AE21BCB45100C2B153 /* ShellScript */,
			);
			buildRules = (
			);
			dependencies = (
			);
			name = "ChatScreenUI-iOS";
			productName = "ChatScreenUI-iOS";
			productReference = 552952A921BC038300430C9A /* ChatScreenUI-iOS.app */;
			productType = "com.apple.product-type.application";
		};
		552952BC21BC038500430C9A /* ChatScreenUI-iOSTests */ = {
			isa = PBXNativeTarget;
			buildConfigurationList = 552952D421BC038500430C9A /* Build configuration list for PBXNativeTarget "ChatScreenUI-iOSTests" */;
			buildPhases = (
				552952B921BC038500430C9A /* Sources */,
				552952BA21BC038500430C9A /* Frameworks */,
				552952BB21BC038500430C9A /* Resources */,
			);
			buildRules = (
			);
			dependencies = (
				552952BF21BC038500430C9A /* PBXTargetDependency */,
			);
			name = "ChatScreenUI-iOSTests";
			productName = "ChatScreenUI-iOSTests";
			productReference = 552952BD21BC038500430C9A /* ChatScreenUI-iOSTests.xctest */;
			productType = "com.apple.product-type.bundle.unit-test";
		};
		552952C721BC038500430C9A /* ChatScreenUI-iOSUITests */ = {
			isa = PBXNativeTarget;
			buildConfigurationList = 552952D721BC038500430C9A /* Build configuration list for PBXNativeTarget "ChatScreenUI-iOSUITests" */;
			buildPhases = (
				552952C421BC038500430C9A /* Sources */,
				552952C521BC038500430C9A /* Frameworks */,
				552952C621BC038500430C9A /* Resources */,
			);
			buildRules = (
			);
			dependencies = (
				552952CA21BC038500430C9A /* PBXTargetDependency */,
			);
			name = "ChatScreenUI-iOSUITests";
			productName = "ChatScreenUI-iOSUITests";
			productReference = 552952C821BC038500430C9A /* ChatScreenUI-iOSUITests.xctest */;
			productType = "com.apple.product-type.bundle.ui-testing";
		};
/* End PBXNativeTarget section */

/* Begin PBXProject section */
		552952A121BC038300430C9A /* Project object */ = {
			isa = PBXProject;
			attributes = {
				LastSwiftUpdateCheck = 1010;
				LastUpgradeCheck = 1010;
				ORGANIZATIONNAME = macneko;
				TargetAttributes = {
					552952A821BC038300430C9A = {
						CreatedOnToolsVersion = 10.1;
					};
					552952BC21BC038500430C9A = {
						CreatedOnToolsVersion = 10.1;
						TestTargetID = 552952A821BC038300430C9A;
					};
					552952C721BC038500430C9A = {
						CreatedOnToolsVersion = 10.1;
						TestTargetID = 552952A821BC038300430C9A;
					};
				};
			};
			buildConfigurationList = 552952A421BC038300430C9A /* Build configuration list for PBXProject "ChatScreenUI-iOS" */;
			compatibilityVersion = "Xcode 9.3";
			developmentRegion = en;
			hasScannedForEncodings = 0;
			knownRegions = (
				en,
				Base,
			);
			mainGroup = 552952A021BC038300430C9A;
			productRefGroup = 552952AA21BC038300430C9A /* Products */;
			projectDirPath = "";
			projectRoot = "";
			targets = (
				552952A821BC038300430C9A /* ChatScreenUI-iOS */,
				552952BC21BC038500430C9A /* ChatScreenUI-iOSTests */,
				552952C721BC038500430C9A /* ChatScreenUI-iOSUITests */,
			);
		};
/* End PBXProject section */

/* Begin PBXResourcesBuildPhase section */
		552952A721BC038300430C9A /* Resources */ = {
			isa = PBXResourcesBuildPhase;
			buildActionMask = 2147483647;
			files = (
				552952B421BC038500430C9A /* Assets.xcassets in Resources */,
				552952B221BC038300430C9A /* ChatScreen.storyboard in Resources */,
				55FEC88221CA924100ED70E9 /* TextMessageCell.xib in Resources */,
				55033AF821CEA9C40022D2B7 /* Start.storyboard in Resources */,
				55BC68B521BD14BC005AF31E /* InputMessageView.xib in Resources */,
			);
			runOnlyForDeploymentPostprocessing = 0;
		};
		552952BB21BC038500430C9A /* Resources */ = {
			isa = PBXResourcesBuildPhase;
			buildActionMask = 2147483647;
			files = (
			);
			runOnlyForDeploymentPostprocessing = 0;
		};
		552952C621BC038500430C9A /* Resources */ = {
			isa = PBXResourcesBuildPhase;
			buildActionMask = 2147483647;
			files = (
			);
			runOnlyForDeploymentPostprocessing = 0;
		};
/* End PBXResourcesBuildPhase section */

/* Begin PBXShellScriptBuildPhase section */
		559DDAB121C698CB00045FD3 /* ShellScript */ = {
			isa = PBXShellScriptBuildPhase;
			buildActionMask = 2147483647;
			files = (
			);
			inputFileListPaths = (
			);
			inputPaths = (
			);
			outputFileListPaths = (
			);
			outputPaths = (
			);
			runOnlyForDeploymentPostprocessing = 0;
			shellPath = /bin/sh;
			shellScript = "if which swiftlint >/dev/null; then\n  swiftlint\nelse\n  echo \"warning: SwiftLint not installed, download from https://github.com/realm/SwiftLint\"\nfi\n";
		};
		55E350AE21BCB45100C2B153 /* ShellScript */ = {
			isa = PBXShellScriptBuildPhase;
			buildActionMask = 2147483647;
			files = (
			);
			inputFileListPaths = (
			);
			inputPaths = (
				"$(SRCROOT)/Carthage/Build/iOS/RxSwift.framework",
				"$(SRCROOT)/Carthage/Build/iOS/RxCocoa.framework",
			);
			outputFileListPaths = (
			);
			outputPaths = (
			);
			runOnlyForDeploymentPostprocessing = 0;
			shellPath = /bin/sh;
			shellScript = "/usr/local/bin/carthage copy-frameworks\n";
		};
/* End PBXShellScriptBuildPhase section */

/* Begin PBXSourcesBuildPhase section */
		552952A521BC038300430C9A /* Sources */ = {
			isa = PBXSourcesBuildPhase;
			buildActionMask = 2147483647;
			files = (
				55BC68B721BD14DC005AF31E /* InputMessageView.swift in Sources */,
				DBC831DB21C88F180059B8D4 /* UserIcon.swift in Sources */,
				55FEC88421CA929500ED70E9 /* TextMessageCell.swift in Sources */,
				552952AF21BC038300430C9A /* ChatScreenViewController.swift in Sources */,
				552952AD21BC038300430C9A /* AppDelegate.swift in Sources */,
				559DDAB821C7FA0100045FD3 /* Message.swift in Sources */,
				55033AF721CEA9C40022D2B7 /* StartViewController.swift in Sources */,
				55D775DB21C4A24800B258C6 /* InputMessageViewModel.swift in Sources */,
				DBC831E121C8CF280059B8D4 /* MessageTableViewModel.swift in Sources */,
				559DDAB521C6A66300045FD3 /* ChatScreenViewModel.swift in Sources */,
				55033AF321CEA9B50022D2B7 /* DependencyInjectable.swift in Sources */,
				559DDABA21C7FD4100045FD3 /* User.swift in Sources */,
			);
			runOnlyForDeploymentPostprocessing = 0;
		};
		552952B921BC038500430C9A /* Sources */ = {
			isa = PBXSourcesBuildPhase;
			buildActionMask = 2147483647;
			files = (
				552952C221BC038500430C9A /* ChatScreenUI_iOSTests.swift in Sources */,
			);
			runOnlyForDeploymentPostprocessing = 0;
		};
		552952C421BC038500430C9A /* Sources */ = {
			isa = PBXSourcesBuildPhase;
			buildActionMask = 2147483647;
			files = (
				552952CD21BC038500430C9A /* ChatScreenUI_iOSUITests.swift in Sources */,
			);
			runOnlyForDeploymentPostprocessing = 0;
		};
/* End PBXSourcesBuildPhase section */

/* Begin PBXTargetDependency section */
		552952BF21BC038500430C9A /* PBXTargetDependency */ = {
			isa = PBXTargetDependency;
			target = 552952A821BC038300430C9A /* ChatScreenUI-iOS */;
			targetProxy = 552952BE21BC038500430C9A /* PBXContainerItemProxy */;
		};
		552952CA21BC038500430C9A /* PBXTargetDependency */ = {
			isa = PBXTargetDependency;
			target = 552952A821BC038300430C9A /* ChatScreenUI-iOS */;
			targetProxy = 552952C921BC038500430C9A /* PBXContainerItemProxy */;
		};
/* End PBXTargetDependency section */

/* Begin PBXVariantGroup section */
		552952B021BC038300430C9A /* ChatScreen.storyboard */ = {
			isa = PBXVariantGroup;
			children = (
				552952B121BC038300430C9A /* Base */,
			);
			name = ChatScreen.storyboard;
			sourceTree = "<group>";
		};
/* End PBXVariantGroup section */

/* Begin XCBuildConfiguration section */
		552952CF21BC038500430C9A /* Debug */ = {
			isa = XCBuildConfiguration;
			buildSettings = {
				ALWAYS_SEARCH_USER_PATHS = NO;
				CLANG_ANALYZER_NONNULL = YES;
				CLANG_ANALYZER_NUMBER_OBJECT_CONVERSION = YES_AGGRESSIVE;
				CLANG_CXX_LANGUAGE_STANDARD = "gnu++14";
				CLANG_CXX_LIBRARY = "libc++";
				CLANG_ENABLE_MODULES = YES;
				CLANG_ENABLE_OBJC_ARC = YES;
				CLANG_ENABLE_OBJC_WEAK = YES;
				CLANG_WARN_BLOCK_CAPTURE_AUTORELEASING = YES;
				CLANG_WARN_BOOL_CONVERSION = YES;
				CLANG_WARN_COMMA = YES;
				CLANG_WARN_CONSTANT_CONVERSION = YES;
				CLANG_WARN_DEPRECATED_OBJC_IMPLEMENTATIONS = YES;
				CLANG_WARN_DIRECT_OBJC_ISA_USAGE = YES_ERROR;
				CLANG_WARN_DOCUMENTATION_COMMENTS = YES;
				CLANG_WARN_EMPTY_BODY = YES;
				CLANG_WARN_ENUM_CONVERSION = YES;
				CLANG_WARN_INFINITE_RECURSION = YES;
				CLANG_WARN_INT_CONVERSION = YES;
				CLANG_WARN_NON_LITERAL_NULL_CONVERSION = YES;
				CLANG_WARN_OBJC_IMPLICIT_RETAIN_SELF = YES;
				CLANG_WARN_OBJC_LITERAL_CONVERSION = YES;
				CLANG_WARN_OBJC_ROOT_CLASS = YES_ERROR;
				CLANG_WARN_RANGE_LOOP_ANALYSIS = YES;
				CLANG_WARN_STRICT_PROTOTYPES = YES;
				CLANG_WARN_SUSPICIOUS_MOVE = YES;
				CLANG_WARN_UNGUARDED_AVAILABILITY = YES_AGGRESSIVE;
				CLANG_WARN_UNREACHABLE_CODE = YES;
				CLANG_WARN__DUPLICATE_METHOD_MATCH = YES;
				CODE_SIGN_IDENTITY = "iPhone Developer";
				COPY_PHASE_STRIP = NO;
				DEBUG_INFORMATION_FORMAT = dwarf;
				ENABLE_STRICT_OBJC_MSGSEND = YES;
				ENABLE_TESTABILITY = YES;
				GCC_C_LANGUAGE_STANDARD = gnu11;
				GCC_DYNAMIC_NO_PIC = NO;
				GCC_NO_COMMON_BLOCKS = YES;
				GCC_OPTIMIZATION_LEVEL = 0;
				GCC_PREPROCESSOR_DEFINITIONS = (
					"DEBUG=1",
					"$(inherited)",
				);
				GCC_WARN_64_TO_32_BIT_CONVERSION = YES;
				GCC_WARN_ABOUT_RETURN_TYPE = YES_ERROR;
				GCC_WARN_UNDECLARED_SELECTOR = YES;
				GCC_WARN_UNINITIALIZED_AUTOS = YES_AGGRESSIVE;
				GCC_WARN_UNUSED_FUNCTION = YES;
				GCC_WARN_UNUSED_VARIABLE = YES;
				IPHONEOS_DEPLOYMENT_TARGET = 12.1;
				MTL_ENABLE_DEBUG_INFO = INCLUDE_SOURCE;
				MTL_FAST_MATH = YES;
				ONLY_ACTIVE_ARCH = YES;
				SDKROOT = iphoneos;
				SWIFT_ACTIVE_COMPILATION_CONDITIONS = DEBUG;
				SWIFT_OPTIMIZATION_LEVEL = "-Onone";
			};
			name = Debug;
		};
		552952D021BC038500430C9A /* Release */ = {
			isa = XCBuildConfiguration;
			buildSettings = {
				ALWAYS_SEARCH_USER_PATHS = NO;
				CLANG_ANALYZER_NONNULL = YES;
				CLANG_ANALYZER_NUMBER_OBJECT_CONVERSION = YES_AGGRESSIVE;
				CLANG_CXX_LANGUAGE_STANDARD = "gnu++14";
				CLANG_CXX_LIBRARY = "libc++";
				CLANG_ENABLE_MODULES = YES;
				CLANG_ENABLE_OBJC_ARC = YES;
				CLANG_ENABLE_OBJC_WEAK = YES;
				CLANG_WARN_BLOCK_CAPTURE_AUTORELEASING = YES;
				CLANG_WARN_BOOL_CONVERSION = YES;
				CLANG_WARN_COMMA = YES;
				CLANG_WARN_CONSTANT_CONVERSION = YES;
				CLANG_WARN_DEPRECATED_OBJC_IMPLEMENTATIONS = YES;
				CLANG_WARN_DIRECT_OBJC_ISA_USAGE = YES_ERROR;
				CLANG_WARN_DOCUMENTATION_COMMENTS = YES;
				CLANG_WARN_EMPTY_BODY = YES;
				CLANG_WARN_ENUM_CONVERSION = YES;
				CLANG_WARN_INFINITE_RECURSION = YES;
				CLANG_WARN_INT_CONVERSION = YES;
				CLANG_WARN_NON_LITERAL_NULL_CONVERSION = YES;
				CLANG_WARN_OBJC_IMPLICIT_RETAIN_SELF = YES;
				CLANG_WARN_OBJC_LITERAL_CONVERSION = YES;
				CLANG_WARN_OBJC_ROOT_CLASS = YES_ERROR;
				CLANG_WARN_RANGE_LOOP_ANALYSIS = YES;
				CLANG_WARN_STRICT_PROTOTYPES = YES;
				CLANG_WARN_SUSPICIOUS_MOVE = YES;
				CLANG_WARN_UNGUARDED_AVAILABILITY = YES_AGGRESSIVE;
				CLANG_WARN_UNREACHABLE_CODE = YES;
				CLANG_WARN__DUPLICATE_METHOD_MATCH = YES;
				CODE_SIGN_IDENTITY = "iPhone Developer";
				COPY_PHASE_STRIP = NO;
				DEBUG_INFORMATION_FORMAT = "dwarf-with-dsym";
				ENABLE_NS_ASSERTIONS = NO;
				ENABLE_STRICT_OBJC_MSGSEND = YES;
				GCC_C_LANGUAGE_STANDARD = gnu11;
				GCC_NO_COMMON_BLOCKS = YES;
				GCC_WARN_64_TO_32_BIT_CONVERSION = YES;
				GCC_WARN_ABOUT_RETURN_TYPE = YES_ERROR;
				GCC_WARN_UNDECLARED_SELECTOR = YES;
				GCC_WARN_UNINITIALIZED_AUTOS = YES_AGGRESSIVE;
				GCC_WARN_UNUSED_FUNCTION = YES;
				GCC_WARN_UNUSED_VARIABLE = YES;
				IPHONEOS_DEPLOYMENT_TARGET = 12.1;
				MTL_ENABLE_DEBUG_INFO = NO;
				MTL_FAST_MATH = YES;
				SDKROOT = iphoneos;
				SWIFT_COMPILATION_MODE = wholemodule;
				SWIFT_OPTIMIZATION_LEVEL = "-O";
				VALIDATE_PRODUCT = YES;
			};
			name = Release;
		};
		552952D221BC038500430C9A /* Debug */ = {
			isa = XCBuildConfiguration;
			buildSettings = {
				ASSETCATALOG_COMPILER_APPICON_NAME = AppIcon;
				CODE_SIGN_STYLE = Automatic;
				DEVELOPMENT_TEAM = 2FZSDA66L9;
				FRAMEWORK_SEARCH_PATHS = (
					"$(inherited)",
					"$(PROJECT_DIR)/Carthage/Build/iOS",
				);
				INFOPLIST_FILE = "ChatScreenUI-iOS/Info.plist";
				IPHONEOS_DEPLOYMENT_TARGET = 11.0;
				LD_RUNPATH_SEARCH_PATHS = (
					"$(inherited)",
					"@executable_path/Frameworks",
				);
				PRODUCT_BUNDLE_IDENTIFIER = "com.macneko.ChatScreenUI-iOS";
				PRODUCT_NAME = "$(TARGET_NAME)";
				SWIFT_VERSION = 4.2;
				TARGETED_DEVICE_FAMILY = "1,2";
			};
			name = Debug;
		};
		552952D321BC038500430C9A /* Release */ = {
			isa = XCBuildConfiguration;
			buildSettings = {
				ASSETCATALOG_COMPILER_APPICON_NAME = AppIcon;
				CODE_SIGN_STYLE = Automatic;
				DEVELOPMENT_TEAM = 2FZSDA66L9;
				FRAMEWORK_SEARCH_PATHS = (
					"$(inherited)",
					"$(PROJECT_DIR)/Carthage/Build/iOS",
				);
				INFOPLIST_FILE = "ChatScreenUI-iOS/Info.plist";
				IPHONEOS_DEPLOYMENT_TARGET = 11.0;
				LD_RUNPATH_SEARCH_PATHS = (
					"$(inherited)",
					"@executable_path/Frameworks",
				);
				PRODUCT_BUNDLE_IDENTIFIER = "com.macneko.ChatScreenUI-iOS";
				PRODUCT_NAME = "$(TARGET_NAME)";
				SWIFT_VERSION = 4.2;
				TARGETED_DEVICE_FAMILY = "1,2";
			};
			name = Release;
		};
		552952D521BC038500430C9A /* Debug */ = {
			isa = XCBuildConfiguration;
			buildSettings = {
				ALWAYS_EMBED_SWIFT_STANDARD_LIBRARIES = YES;
				BUNDLE_LOADER = "$(TEST_HOST)";
				CODE_SIGN_STYLE = Automatic;
				DEVELOPMENT_TEAM = 2FZSDA66L9;
				INFOPLIST_FILE = "ChatScreenUI-iOSTests/Info.plist";
				LD_RUNPATH_SEARCH_PATHS = (
					"$(inherited)",
					"@executable_path/Frameworks",
					"@loader_path/Frameworks",
				);
				PRODUCT_BUNDLE_IDENTIFIER = "com.macneko.ChatScreenUI-iOSTests";
				PRODUCT_NAME = "$(TARGET_NAME)";
				SWIFT_VERSION = 4.2;
				TARGETED_DEVICE_FAMILY = "1,2";
				TEST_HOST = "$(BUILT_PRODUCTS_DIR)/ChatScreenUI-iOS.app/ChatScreenUI-iOS";
			};
			name = Debug;
		};
		552952D621BC038500430C9A /* Release */ = {
			isa = XCBuildConfiguration;
			buildSettings = {
				ALWAYS_EMBED_SWIFT_STANDARD_LIBRARIES = YES;
				BUNDLE_LOADER = "$(TEST_HOST)";
				CODE_SIGN_STYLE = Automatic;
				DEVELOPMENT_TEAM = 2FZSDA66L9;
				INFOPLIST_FILE = "ChatScreenUI-iOSTests/Info.plist";
				LD_RUNPATH_SEARCH_PATHS = (
					"$(inherited)",
					"@executable_path/Frameworks",
					"@loader_path/Frameworks",
				);
				PRODUCT_BUNDLE_IDENTIFIER = "com.macneko.ChatScreenUI-iOSTests";
				PRODUCT_NAME = "$(TARGET_NAME)";
				SWIFT_VERSION = 4.2;
				TARGETED_DEVICE_FAMILY = "1,2";
				TEST_HOST = "$(BUILT_PRODUCTS_DIR)/ChatScreenUI-iOS.app/ChatScreenUI-iOS";
			};
			name = Release;
		};
		552952D821BC038500430C9A /* Debug */ = {
			isa = XCBuildConfiguration;
			buildSettings = {
				ALWAYS_EMBED_SWIFT_STANDARD_LIBRARIES = YES;
				CODE_SIGN_STYLE = Automatic;
				DEVELOPMENT_TEAM = 2FZSDA66L9;
				INFOPLIST_FILE = "ChatScreenUI-iOSUITests/Info.plist";
				LD_RUNPATH_SEARCH_PATHS = (
					"$(inherited)",
					"@executable_path/Frameworks",
					"@loader_path/Frameworks",
				);
				PRODUCT_BUNDLE_IDENTIFIER = "com.macneko.ChatScreenUI-iOSUITests";
				PRODUCT_NAME = "$(TARGET_NAME)";
				SWIFT_VERSION = 4.2;
				TARGETED_DEVICE_FAMILY = "1,2";
				TEST_TARGET_NAME = "ChatScreenUI-iOS";
			};
			name = Debug;
		};
		552952D921BC038500430C9A /* Release */ = {
			isa = XCBuildConfiguration;
			buildSettings = {
				ALWAYS_EMBED_SWIFT_STANDARD_LIBRARIES = YES;
				CODE_SIGN_STYLE = Automatic;
				DEVELOPMENT_TEAM = 2FZSDA66L9;
				INFOPLIST_FILE = "ChatScreenUI-iOSUITests/Info.plist";
				LD_RUNPATH_SEARCH_PATHS = (
					"$(inherited)",
					"@executable_path/Frameworks",
					"@loader_path/Frameworks",
				);
				PRODUCT_BUNDLE_IDENTIFIER = "com.macneko.ChatScreenUI-iOSUITests";
				PRODUCT_NAME = "$(TARGET_NAME)";
				SWIFT_VERSION = 4.2;
				TARGETED_DEVICE_FAMILY = "1,2";
				TEST_TARGET_NAME = "ChatScreenUI-iOS";
			};
			name = Release;
		};
/* End XCBuildConfiguration section */

/* Begin XCConfigurationList section */
		552952A421BC038300430C9A /* Build configuration list for PBXProject "ChatScreenUI-iOS" */ = {
			isa = XCConfigurationList;
			buildConfigurations = (
				552952CF21BC038500430C9A /* Debug */,
				552952D021BC038500430C9A /* Release */,
			);
			defaultConfigurationIsVisible = 0;
			defaultConfigurationName = Release;
		};
		552952D121BC038500430C9A /* Build configuration list for PBXNativeTarget "ChatScreenUI-iOS" */ = {
			isa = XCConfigurationList;
			buildConfigurations = (
				552952D221BC038500430C9A /* Debug */,
				552952D321BC038500430C9A /* Release */,
			);
			defaultConfigurationIsVisible = 0;
			defaultConfigurationName = Release;
		};
		552952D421BC038500430C9A /* Build configuration list for PBXNativeTarget "ChatScreenUI-iOSTests" */ = {
			isa = XCConfigurationList;
			buildConfigurations = (
				552952D521BC038500430C9A /* Debug */,
				552952D621BC038500430C9A /* Release */,
			);
			defaultConfigurationIsVisible = 0;
			defaultConfigurationName = Release;
		};
		552952D721BC038500430C9A /* Build configuration list for PBXNativeTarget "ChatScreenUI-iOSUITests" */ = {
			isa = XCConfigurationList;
			buildConfigurations = (
				552952D821BC038500430C9A /* Debug */,
				552952D921BC038500430C9A /* Release */,
			);
			defaultConfigurationIsVisible = 0;
			defaultConfigurationName = Release;
		};
/* End XCConfigurationList section */
	};
	rootObject = 552952A121BC038300430C9A /* Project object */;
}
